{
    "name": "embed-router",
    "version": "1.0.0",
    "lockfileVersion": 3,
    "requires": true,
    "packages": {
        "": {
            "name": "embed-router",
            "version": "1.0.0",
            "peerDependencies": {
                "preact": ">=10.0.0"
            },
            "peerDependenciesMeta": {
                "preact": {
                    "optional": true
                }
            }
        }
    }
}
